// !$*UTF8*$!
{
	archiveVersion = 1;
	classes = {
	};
	objectVersion = 48;
	objects = {

/* Begin PBXBuildFile section */
		AA8484462066B09900DD57ED /* DetailViewController.swift in Sources */ = {isa = PBXBuildFile; fileRef = AA8484452066B09900DD57ED /* DetailViewController.swift */; };
		AA84844C20677C3200DD57ED /* OtherScenesCollectionViewCell.swift in Sources */ = {isa = PBXBuildFile; fileRef = AA84844A20677C3200DD57ED /* OtherScenesCollectionViewCell.swift */; };
		AA84844D20677C3200DD57ED /* ParkSceneTableViewCell.swift in Sources */ = {isa = PBXBuildFile; fileRef = AA84844B20677C3200DD57ED /* ParkSceneTableViewCell.swift */; };
		AA84845020677C3C00DD57ED /* ApiManager.swift in Sources */ = {isa = PBXBuildFile; fileRef = AA84844F20677C3C00DD57ED /* ApiManager.swift */; };
		AA84845320677C4A00DD57ED /* ParkScene.swift in Sources */ = {isa = PBXBuildFile; fileRef = AA84845220677C4A00DD57ED /* ParkScene.swift */; };
		AA8484552067807400DD57ED /* ImageManager.swift in Sources */ = {isa = PBXBuildFile; fileRef = AA8484542067807400DD57ED /* ImageManager.swift */; };
		AA848457206780AC00DD57ED /* Strings.swift in Sources */ = {isa = PBXBuildFile; fileRef = AA848456206780AC00DD57ED /* Strings.swift */; };
		AACDCBDB2064FB7F00AF4CDA /* AppDelegate.swift in Sources */ = {isa = PBXBuildFile; fileRef = AACDCBDA2064FB7F00AF4CDA /* AppDelegate.swift */; };
		AACDCBDD2064FB8000AF4CDA /* MainViewController.swift in Sources */ = {isa = PBXBuildFile; fileRef = AACDCBDC2064FB8000AF4CDA /* MainViewController.swift */; };
		AACDCBE02064FB8000AF4CDA /* Main.storyboard in Resources */ = {isa = PBXBuildFile; fileRef = AACDCBDE2064FB8000AF4CDA /* Main.storyboard */; };
		AACDCBE52064FB8000AF4CDA /* Assets.xcassets in Resources */ = {isa = PBXBuildFile; fileRef = AACDCBE42064FB8000AF4CDA /* Assets.xcassets */; };
		AACDCBE82064FB8000AF4CDA /* LaunchScreen.storyboard in Resources */ = {isa = PBXBuildFile; fileRef = AACDCBE62064FB8000AF4CDA /* LaunchScreen.storyboard */; };
		AAFB2B0E206B718200960A13 /* ImageViewController.swift in Sources */ = {isa = PBXBuildFile; fileRef = AAFB2B0D206B718200960A13 /* ImageViewController.swift */; };
		AAFB2B10206BE90C00960A13 /* BasicViewController.swift in Sources */ = {isa = PBXBuildFile; fileRef = AAFB2B0F206BE90C00960A13 /* BasicViewController.swift */; };
		EEA9FA7944E9C53AEE477C94 /* Pods_ChoosePark.framework in Frameworks */ = {isa = PBXBuildFile; fileRef = 31EFE6F519656566319D5684 /* Pods_ChoosePark.framework */; };
/* End PBXBuildFile section */

/* Begin PBXFileReference section */
		31EFE6F519656566319D5684 /* Pods_ChoosePark.framework */ = {isa = PBXFileReference; explicitFileType = wrapper.framework; includeInIndex = 0; path = Pods_ChoosePark.framework; sourceTree = BUILT_PRODUCTS_DIR; };
		912342289A73ACF301F5D6CD /* Pods-ChoosePark.debug.xcconfig */ = {isa = PBXFileReference; includeInIndex = 1; lastKnownFileType = text.xcconfig; name = "Pods-ChoosePark.debug.xcconfig"; path = "Pods/Target Support Files/Pods-ChoosePark/Pods-ChoosePark.debug.xcconfig"; sourceTree = "<group>"; };
		AA8484452066B09900DD57ED /* DetailViewController.swift */ = {isa = PBXFileReference; lastKnownFileType = sourcecode.swift; path = DetailViewController.swift; sourceTree = "<group>"; };
		AA84844A20677C3200DD57ED /* OtherScenesCollectionViewCell.swift */ = {isa = PBXFileReference; fileEncoding = 4; lastKnownFileType = sourcecode.swift; path = OtherScenesCollectionViewCell.swift; sourceTree = "<group>"; };
		AA84844B20677C3200DD57ED /* ParkSceneTableViewCell.swift */ = {isa = PBXFileReference; fileEncoding = 4; lastKnownFileType = sourcecode.swift; path = ParkSceneTableViewCell.swift; sourceTree = "<group>"; };
		AA84844F20677C3C00DD57ED /* ApiManager.swift */ = {isa = PBXFileReference; fileEncoding = 4; lastKnownFileType = sourcecode.swift; path = ApiManager.swift; sourceTree = "<group>"; };
		AA84845220677C4A00DD57ED /* ParkScene.swift */ = {isa = PBXFileReference; fileEncoding = 4; lastKnownFileType = sourcecode.swift; path = ParkScene.swift; sourceTree = "<group>"; };
		AA8484542067807400DD57ED /* ImageManager.swift */ = {isa = PBXFileReference; lastKnownFileType = sourcecode.swift; path = ImageManager.swift; sourceTree = "<group>"; };
		AA848456206780AC00DD57ED /* Strings.swift */ = {isa = PBXFileReference; lastKnownFileType = sourcecode.swift; path = Strings.swift; sourceTree = "<group>"; };
		AACDCBD72064FB7F00AF4CDA /* ChoosePark.app */ = {isa = PBXFileReference; explicitFileType = wrapper.application; includeInIndex = 0; path = ChoosePark.app; sourceTree = BUILT_PRODUCTS_DIR; };
		AACDCBDA2064FB7F00AF4CDA /* AppDelegate.swift */ = {isa = PBXFileReference; lastKnownFileType = sourcecode.swift; path = AppDelegate.swift; sourceTree = "<group>"; };
		AACDCBDC2064FB8000AF4CDA /* MainViewController.swift */ = {isa = PBXFileReference; lastKnownFileType = sourcecode.swift; path = MainViewController.swift; sourceTree = "<group>"; };
		AACDCBDF2064FB8000AF4CDA /* Base */ = {isa = PBXFileReference; lastKnownFileType = file.storyboard; name = Base; path = Base.lproj/Main.storyboard; sourceTree = "<group>"; };
		AACDCBE42064FB8000AF4CDA /* Assets.xcassets */ = {isa = PBXFileReference; lastKnownFileType = folder.assetcatalog; path = Assets.xcassets; sourceTree = "<group>"; };
		AACDCBE72064FB8000AF4CDA /* Base */ = {isa = PBXFileReference; lastKnownFileType = file.storyboard; name = Base; path = Base.lproj/LaunchScreen.storyboard; sourceTree = "<group>"; };
		AACDCBE92064FB8000AF4CDA /* Info.plist */ = {isa = PBXFileReference; lastKnownFileType = text.plist.xml; path = Info.plist; sourceTree = "<group>"; };
		AACDCBF02065095100AF4CDA /* Alamofire.framework */ = {isa = PBXFileReference; explicitFileType = wrapper.framework; path = Alamofire.framework; sourceTree = BUILT_PRODUCTS_DIR; };
		AACDCBF6206509A800AF4CDA /* Alamofire.framework */ = {isa = PBXFileReference; explicitFileType = wrapper.framework; path = Alamofire.framework; sourceTree = BUILT_PRODUCTS_DIR; };
		AAFB2B0D206B718200960A13 /* ImageViewController.swift */ = {isa = PBXFileReference; lastKnownFileType = sourcecode.swift; path = ImageViewController.swift; sourceTree = "<group>"; };
		AAFB2B0F206BE90C00960A13 /* BasicViewController.swift */ = {isa = PBXFileReference; lastKnownFileType = sourcecode.swift; path = BasicViewController.swift; sourceTree = "<group>"; };
		B8E7468E8436A5436AD6459F /* Pods-ChoosePark.release.xcconfig */ = {isa = PBXFileReference; includeInIndex = 1; lastKnownFileType = text.xcconfig; name = "Pods-ChoosePark.release.xcconfig"; path = "Pods/Target Support Files/Pods-ChoosePark/Pods-ChoosePark.release.xcconfig"; sourceTree = "<group>"; };
/* End PBXFileReference section */

/* Begin PBXFrameworksBuildPhase section */
		AACDCBD42064FB7F00AF4CDA /* Frameworks */ = {
			isa = PBXFrameworksBuildPhase;
			buildActionMask = 2147483647;
			files = (
				EEA9FA7944E9C53AEE477C94 /* Pods_ChoosePark.framework in Frameworks */,
			);
			runOnlyForDeploymentPostprocessing = 0;
		};
/* End PBXFrameworksBuildPhase section */

/* Begin PBXGroup section */
		285602C0A5B0379F2FDDD95D /* Frameworks */ = {
			isa = PBXGroup;
			children = (
				AACDCBF6206509A800AF4CDA /* Alamofire.framework */,
				AACDCBF02065095100AF4CDA /* Alamofire.framework */,
				31EFE6F519656566319D5684 /* Pods_ChoosePark.framework */,
			);
			name = Frameworks;
			sourceTree = "<group>";
		};
		AA84844920677C3200DD57ED /* view */ = {
			isa = PBXGroup;
			children = (
				AA84844A20677C3200DD57ED /* OtherScenesCollectionViewCell.swift */,
				AA84844B20677C3200DD57ED /* ParkSceneTableViewCell.swift */,
			);
			path = view;
			sourceTree = "<group>";
		};
		AA84844E20677C3C00DD57ED /* controller */ = {
			isa = PBXGroup;
			children = (
				AA84844F20677C3C00DD57ED /* ApiManager.swift */,
				AA8484542067807400DD57ED /* ImageManager.swift */,
			);
			path = controller;
			sourceTree = "<group>";
		};
		AA84845120677C4A00DD57ED /* model */ = {
			isa = PBXGroup;
			children = (
				AA84845220677C4A00DD57ED /* ParkScene.swift */,
				AA848456206780AC00DD57ED /* Strings.swift */,
			);
			path = model;
			sourceTree = "<group>";
		};
		AACDCBCE2064FB7F00AF4CDA = {
			isa = PBXGroup;
			children = (
				AACDCBD92064FB7F00AF4CDA /* ChoosePark */,
				AACDCBD82064FB7F00AF4CDA /* Products */,
				C6A9D4272E1B56A2D1A60B31 /* Pods */,
				285602C0A5B0379F2FDDD95D /* Frameworks */,
			);
			sourceTree = "<group>";
		};
		AACDCBD82064FB7F00AF4CDA /* Products */ = {
			isa = PBXGroup;
			children = (
				AACDCBD72064FB7F00AF4CDA /* ChoosePark.app */,
			);
			name = Products;
			sourceTree = "<group>";
		};
		AACDCBD92064FB7F00AF4CDA /* ChoosePark */ = {
			isa = PBXGroup;
			children = (
				AACDCBDE2064FB8000AF4CDA /* Main.storyboard */,
				AACDCBDA2064FB7F00AF4CDA /* AppDelegate.swift */,
				AAFB2B0F206BE90C00960A13 /* BasicViewController.swift */,
				AACDCBDC2064FB8000AF4CDA /* MainViewController.swift */,
				AA8484452066B09900DD57ED /* DetailViewController.swift */,
				AAFB2B0D206B718200960A13 /* ImageViewController.swift */,
				AA84844E20677C3C00DD57ED /* controller */,
				AA84844920677C3200DD57ED /* view */,
				AA84845120677C4A00DD57ED /* model */,
				AACDCBE42064FB8000AF4CDA /* Assets.xcassets */,
				AACDCBE62064FB8000AF4CDA /* LaunchScreen.storyboard */,
				AACDCBE92064FB8000AF4CDA /* Info.plist */,
			);
			path = ChoosePark;
			sourceTree = "<group>";
		};
		C6A9D4272E1B56A2D1A60B31 /* Pods */ = {
			isa = PBXGroup;
			children = (
				912342289A73ACF301F5D6CD /* Pods-ChoosePark.debug.xcconfig */,
				B8E7468E8436A5436AD6459F /* Pods-ChoosePark.release.xcconfig */,
			);
			name = Pods;
			sourceTree = "<group>";
		};
/* End PBXGroup section */

/* Begin PBXNativeTarget section */
		AACDCBD62064FB7F00AF4CDA /* ChoosePark */ = {
			isa = PBXNativeTarget;
			buildConfigurationList = AACDCBEC2064FB8000AF4CDA /* Build configuration list for PBXNativeTarget "ChoosePark" */;
			buildPhases = (
				46A6598EE00793B5387C0484 /* [CP] Check Pods Manifest.lock */,
				AACDCBD32064FB7F00AF4CDA /* Sources */,
				AACDCBD42064FB7F00AF4CDA /* Frameworks */,
				AACDCBD52064FB7F00AF4CDA /* Resources */,
				8FE96446737206CD04F2868A /* [CP] Embed Pods Frameworks */,
				E37578E500143D759E3DB46A /* [CP] Copy Pods Resources */,
			);
			buildRules = (
			);
			dependencies = (
			);
			name = ChoosePark;
			productName = ChoosePark;
			productReference = AACDCBD72064FB7F00AF4CDA /* ChoosePark.app */;
			productType = "com.apple.product-type.application";
		};
/* End PBXNativeTarget section */

/* Begin PBXProject section */
		AACDCBCF2064FB7F00AF4CDA /* Project object */ = {
			isa = PBXProject;
			attributes = {
				LastSwiftUpdateCheck = 0920;
				LastUpgradeCheck = 0920;
				ORGANIZATIONNAME = EthanLab;
				TargetAttributes = {
					AACDCBD62064FB7F00AF4CDA = {
						CreatedOnToolsVersion = 9.2;
						ProvisioningStyle = Automatic;
					};
				};
			};
			buildConfigurationList = AACDCBD22064FB7F00AF4CDA /* Build configuration list for PBXProject "ChoosePark" */;
			compatibilityVersion = "Xcode 8.0";
			developmentRegion = en;
			hasScannedForEncodings = 0;
			knownRegions = (
				en,
				Base,
			);
			mainGroup = AACDCBCE2064FB7F00AF4CDA;
			productRefGroup = AACDCBD82064FB7F00AF4CDA /* Products */;
			projectDirPath = "";
			projectRoot = "";
			targets = (
				AACDCBD62064FB7F00AF4CDA /* ChoosePark */,
			);
		};
/* End PBXProject section */

/* Begin PBXResourcesBuildPhase section */
		AACDCBD52064FB7F00AF4CDA /* Resources */ = {
			isa = PBXResourcesBuildPhase;
			buildActionMask = 2147483647;
			files = (
				AACDCBE82064FB8000AF4CDA /* LaunchScreen.storyboard in Resources */,
				AACDCBE52064FB8000AF4CDA /* Assets.xcassets in Resources */,
				AACDCBE02064FB8000AF4CDA /* Main.storyboard in Resources */,
			);
			runOnlyForDeploymentPostprocessing = 0;
		};
/* End PBXResourcesBuildPhase section */

/* Begin PBXShellScriptBuildPhase section */
		46A6598EE00793B5387C0484 /* [CP] Check Pods Manifest.lock */ = {
			isa = PBXShellScriptBuildPhase;
			buildActionMask = 2147483647;
			files = (
			);
			inputPaths = (
				"${PODS_PODFILE_DIR_PATH}/Podfile.lock",
				"${PODS_ROOT}/Manifest.lock",
			);
			name = "[CP] Check Pods Manifest.lock";
			outputPaths = (
				"$(DERIVED_FILE_DIR)/Pods-ChoosePark-checkManifestLockResult.txt",
			);
			runOnlyForDeploymentPostprocessing = 0;
			shellPath = /bin/sh;
			shellScript = "diff \"${PODS_PODFILE_DIR_PATH}/Podfile.lock\" \"${PODS_ROOT}/Manifest.lock\" > /dev/null\nif [ $? != 0 ] ; then\n    # print error to STDERR\n    echo \"error: The sandbox is not in sync with the Podfile.lock. Run 'pod install' or update your CocoaPods installation.\" >&2\n    exit 1\nfi\n# This output is used by Xcode 'outputs' to avoid re-running this script phase.\necho \"SUCCESS\" > \"${SCRIPT_OUTPUT_FILE_0}\"\n";
			showEnvVarsInLog = 0;
		};
		8FE96446737206CD04F2868A /* [CP] Embed Pods Frameworks */ = {
			isa = PBXShellScriptBuildPhase;
			buildActionMask = 2147483647;
			files = (
			);
			inputPaths = (
				"${SRCROOT}/Pods/Target Support Files/Pods-ChoosePark/Pods-ChoosePark-frameworks.sh",
				"${BUILT_PRODUCTS_DIR}/Alamofire/Alamofire.framework",
				"${BUILT_PRODUCTS_DIR}/SwiftyJSON/SwiftyJSON.framework",
			);
			name = "[CP] Embed Pods Frameworks";
			outputPaths = (
				"${TARGET_BUILD_DIR}/${FRAMEWORKS_FOLDER_PATH}/Alamofire.framework",
				"${TARGET_BUILD_DIR}/${FRAMEWORKS_FOLDER_PATH}/SwiftyJSON.framework",
			);
			runOnlyForDeploymentPostprocessing = 0;
			shellPath = /bin/sh;
			shellScript = "\"${SRCROOT}/Pods/Target Support Files/Pods-ChoosePark/Pods-ChoosePark-frameworks.sh\"\n";
			showEnvVarsInLog = 0;
		};
		E37578E500143D759E3DB46A /* [CP] Copy Pods Resources */ = {
			isa = PBXShellScriptBuildPhase;
			buildActionMask = 2147483647;
			files = (
			);
			inputPaths = (
			);
			name = "[CP] Copy Pods Resources";
			outputPaths = (
			);
			runOnlyForDeploymentPostprocessing = 0;
			shellPath = /bin/sh;
			shellScript = "\"${SRCROOT}/Pods/Target Support Files/Pods-ChoosePark/Pods-ChoosePark-resources.sh\"\n";
			showEnvVarsInLog = 0;
		};
/* End PBXShellScriptBuildPhase section */

/* Begin PBXSourcesBuildPhase section */
		AACDCBD32064FB7F00AF4CDA /* Sources */ = {
			isa = PBXSourcesBuildPhase;
			buildActionMask = 2147483647;
			files = (
				AA84844D20677C3200DD57ED /* ParkSceneTableViewCell.swift in Sources */,
				AACDCBDD2064FB8000AF4CDA /* MainViewController.swift in Sources */,
				AA848457206780AC00DD57ED /* Strings.swift in Sources */,
				AA84844C20677C3200DD57ED /* OtherScenesCollectionViewCell.swift in Sources */,
				AA8484552067807400DD57ED /* ImageManager.swift in Sources */,
				AA84845020677C3C00DD57ED /* ApiManager.swift in Sources */,
				AAFB2B10206BE90C00960A13 /* BasicViewController.swift in Sources */,
				AACDCBDB2064FB7F00AF4CDA /* AppDelegate.swift in Sources */,
				AA84845320677C4A00DD57ED /* ParkScene.swift in Sources */,
				AAFB2B0E206B718200960A13 /* ImageViewController.swift in Sources */,
				AA8484462066B09900DD57ED /* DetailViewController.swift in Sources */,
			);
			runOnlyForDeploymentPostprocessing = 0;
		};
/* End PBXSourcesBuildPhase section */

/* Begin PBXVariantGroup section */
		AACDCBDE2064FB8000AF4CDA /* Main.storyboard */ = {
			isa = PBXVariantGroup;
			children = (
				AACDCBDF2064FB8000AF4CDA /* Base */,
			);
			name = Main.storyboard;
			sourceTree = "<group>";
		};
		AACDCBE62064FB8000AF4CDA /* LaunchScreen.storyboard */ = {
			isa = PBXVariantGroup;
			children = (
				AACDCBE72064FB8000AF4CDA /* Base */,
			);
			name = LaunchScreen.storyboard;
			sourceTree = "<group>";
		};
/* End PBXVariantGroup section */

/* Begin XCBuildConfiguration section */
		AACDCBEA2064FB8000AF4CDA /* Debug */ = {
			isa = XCBuildConfiguration;
			buildSettings = {
				ALWAYS_SEARCH_USER_PATHS = NO;
				CLANG_ANALYZER_NONNULL = YES;
				CLANG_ANALYZER_NUMBER_OBJECT_CONVERSION = YES_AGGRESSIVE;
				CLANG_CXX_LANGUAGE_STANDARD = "gnu++14";
				CLANG_CXX_LIBRARY = "libc++";
				CLANG_ENABLE_MODULES = YES;
				CLANG_ENABLE_OBJC_ARC = YES;
				CLANG_WARN_BLOCK_CAPTURE_AUTORELEASING = YES;
				CLANG_WARN_BOOL_CONVERSION = YES;
				CLANG_WARN_COMMA = YES;
				CLANG_WARN_CONSTANT_CONVERSION = YES;
				CLANG_WARN_DIRECT_OBJC_ISA_USAGE = YES_ERROR;
				CLANG_WARN_DOCUMENTATION_COMMENTS = YES;
				CLANG_WARN_EMPTY_BODY = YES;
				CLANG_WARN_ENUM_CONVERSION = YES;
				CLANG_WARN_INFINITE_RECURSION = YES;
				CLANG_WARN_INT_CONVERSION = YES;
				CLANG_WARN_NON_LITERAL_NULL_CONVERSION = YES;
				CLANG_WARN_OBJC_LITERAL_CONVERSION = YES;
				CLANG_WARN_OBJC_ROOT_CLASS = YES_ERROR;
				CLANG_WARN_RANGE_LOOP_ANALYSIS = YES;
				CLANG_WARN_STRICT_PROTOTYPES = YES;
				CLANG_WARN_SUSPICIOUS_MOVE = YES;
				CLANG_WARN_UNGUARDED_AVAILABILITY = YES_AGGRESSIVE;
				CLANG_WARN_UNREACHABLE_CODE = YES;
				CLANG_WARN__DUPLICATE_METHOD_MATCH = YES;
				CODE_SIGN_IDENTITY = "iPhone Developer";
				COPY_PHASE_STRIP = NO;
				DEBUG_INFORMATION_FORMAT = dwarf;
				ENABLE_STRICT_OBJC_MSGSEND = YES;
				ENABLE_TESTABILITY = YES;
				GCC_C_LANGUAGE_STANDARD = gnu11;
				GCC_DYNAMIC_NO_PIC = NO;
				GCC_NO_COMMON_BLOCKS = YES;
				GCC_OPTIMIZATION_LEVEL = 0;
				GCC_PREPROCESSOR_DEFINITIONS = (
					"DEBUG=1",
					"$(inherited)",
				);
				GCC_WARN_64_TO_32_BIT_CONVERSION = YES;
				GCC_WARN_ABOUT_RETURN_TYPE = YES_ERROR;
				GCC_WARN_UNDECLARED_SELECTOR = YES;
				GCC_WARN_UNINITIALIZED_AUTOS = YES_AGGRESSIVE;
				GCC_WARN_UNUSED_FUNCTION = YES;
				GCC_WARN_UNUSED_VARIABLE = YES;
				IPHONEOS_DEPLOYMENT_TARGET = 11.2;
				MTL_ENABLE_DEBUG_INFO = YES;
				ONLY_ACTIVE_ARCH = YES;
				SDKROOT = iphoneos;
				SWIFT_ACTIVE_COMPILATION_CONDITIONS = DEBUG;
				SWIFT_OPTIMIZATION_LEVEL = "-Onone";
			};
			name = Debug;
		};
		AACDCBEB2064FB8000AF4CDA /* Release */ = {
			isa = XCBuildConfiguration;
			buildSettings = {
				ALWAYS_SEARCH_USER_PATHS = NO;
				CLANG_ANALYZER_NONNULL = YES;
				CLANG_ANALYZER_NUMBER_OBJECT_CONVERSION = YES_AGGRESSIVE;
				CLANG_CXX_LANGUAGE_STANDARD = "gnu++14";
				CLANG_CXX_LIBRARY = "libc++";
				CLANG_ENABLE_MODULES = YES;
				CLANG_ENABLE_OBJC_ARC = YES;
				CLANG_WARN_BLOCK_CAPTURE_AUTORELEASING = YES;
				CLANG_WARN_BOOL_CONVERSION = YES;
				CLANG_WARN_COMMA = YES;
				CLANG_WARN_CONSTANT_CONVERSION = YES;
				CLANG_WARN_DIRECT_OBJC_ISA_USAGE = YES_ERROR;
				CLANG_WARN_DOCUMENTATION_COMMENTS = YES;
				CLANG_WARN_EMPTY_BODY = YES;
				CLANG_WARN_ENUM_CONVERSION = YES;
				CLANG_WARN_INFINITE_RECURSION = YES;
				CLANG_WARN_INT_CONVERSION = YES;
				CLANG_WARN_NON_LITERAL_NULL_CONVERSION = YES;
				CLANG_WARN_OBJC_LITERAL_CONVERSION = YES;
				CLANG_WARN_OBJC_ROOT_CLASS = YES_ERROR;
				CLANG_WARN_RANGE_LOOP_ANALYSIS = YES;
				CLANG_WARN_STRICT_PROTOTYPES = YES;
				CLANG_WARN_SUSPICIOUS_MOVE = YES;
				CLANG_WARN_UNGUARDED_AVAILABILITY = YES_AGGRESSIVE;
				CLANG_WARN_UNREACHABLE_CODE = YES;
				CLANG_WARN__DUPLICATE_METHOD_MATCH = YES;
				CODE_SIGN_IDENTITY = "iPhone Developer";
				COPY_PHASE_STRIP = NO;
				DEBUG_INFORMATION_FORMAT = "dwarf-with-dsym";
				ENABLE_NS_ASSERTIONS = NO;
				ENABLE_STRICT_OBJC_MSGSEND = YES;
				GCC_C_LANGUAGE_STANDARD = gnu11;
				GCC_NO_COMMON_BLOCKS = YES;
				GCC_WARN_64_TO_32_BIT_CONVERSION = YES;
				GCC_WARN_ABOUT_RETURN_TYPE = YES_ERROR;
				GCC_WARN_UNDECLARED_SELECTOR = YES;
				GCC_WARN_UNINITIALIZED_AUTOS = YES_AGGRESSIVE;
				GCC_WARN_UNUSED_FUNCTION = YES;
				GCC_WARN_UNUSED_VARIABLE = YES;
				IPHONEOS_DEPLOYMENT_TARGET = 11.2;
				MTL_ENABLE_DEBUG_INFO = NO;
				SDKROOT = iphoneos;
				SWIFT_OPTIMIZATION_LEVEL = "-Owholemodule";
				VALIDATE_PRODUCT = YES;
			};
			name = Release;
		};
		AACDCBED2064FB8000AF4CDA /* Debug */ = {
			isa = XCBuildConfiguration;
			baseConfigurationReference = 912342289A73ACF301F5D6CD /* Pods-ChoosePark.debug.xcconfig */;
			buildSettings = {
				ASSETCATALOG_COMPILER_APPICON_NAME = AppIcon;
				CODE_SIGN_STYLE = Automatic;
				DEVELOPMENT_TEAM = 87N724V2PB;
				INFOPLIST_FILE = ChoosePark/Info.plist;
				IPHONEOS_DEPLOYMENT_TARGET = 9.0;
				LD_RUNPATH_SEARCH_PATHS = "$(inherited) @executable_path/Frameworks";
				PRODUCT_BUNDLE_IDENTIFIER = com.EthanLab.ChoosePark;
				PRODUCT_NAME = "$(TARGET_NAME)";
				SWIFT_VERSION = 4.0;
				TARGETED_DEVICE_FAMILY = "1,2";
			};
			name = Debug;
		};
		AACDCBEE2064FB8000AF4CDA /* Release */ = {
			isa = XCBuildConfiguration;
			baseConfigurationReference = B8E7468E8436A5436AD6459F /* Pods-ChoosePark.release.xcconfig */;
			buildSettings = {
				ASSETCATALOG_COMPILER_APPICON_NAME = AppIcon;
				CODE_SIGN_STYLE = Automatic;
				DEVELOPMENT_TEAM = 87N724V2PB;
				INFOPLIST_FILE = ChoosePark/Info.plist;
				IPHONEOS_DEPLOYMENT_TARGET = 9.0;
				LD_RUNPATH_SEARCH_PATHS = "$(inherited) @executable_path/Frameworks";
				PRODUCT_BUNDLE_IDENTIFIER = com.EthanLab.ChoosePark;
				PRODUCT_NAME = "$(TARGET_NAME)";
				SWIFT_VERSION = 4.0;
				TARGETED_DEVICE_FAMILY = "1,2";
			};
			name = Release;
		};
/* End XCBuildConfiguration section */

/* Begin XCConfigurationList section */
		AACDCBD22064FB7F00AF4CDA /* Build configuration list for PBXProject "ChoosePark" */ = {
			isa = XCConfigurationList;
			buildConfigurations = (
				AACDCBEA2064FB8000AF4CDA /* Debug */,
				AACDCBEB2064FB8000AF4CDA /* Release */,
			);
			defaultConfigurationIsVisible = 0;
			defaultConfigurationName = Release;
		};
		AACDCBEC2064FB8000AF4CDA /* Build configuration list for PBXNativeTarget "ChoosePark" */ = {
			isa = XCConfigurationList;
			buildConfigurations = (
				AACDCBED2064FB8000AF4CDA /* Debug */,
				AACDCBEE2064FB8000AF4CDA /* Release */,
			);
			defaultConfigurationIsVisible = 0;
			defaultConfigurationName = Release;
		};
/* End XCConfigurationList section */
	};
	rootObject = AACDCBCF2064FB7F00AF4CDA /* Project object */;
}
